
Microsoft Visual Studio Solution File, Format Version 12.00
# Visual Studio Version 17
VisualStudioVersion = 17.0.31903.59
MinimumVisualStudioVersion = 10.0.40219.1
Project("{9A19103F-16F7-4668-BE54-9A1E7A4F7556}") = "ApiGateway", "ApiGateway\ApiGateway.csproj", "{E57DAAD9-DB58-4142-A10B-9E9EE0BF2911}"
EndProject
Project("{9A19103F-16F7-4668-BE54-9A1E7A4F7556}") = "UserService.API", "Services\UserServices\UserService.API\UserService.API.csproj", "{503B32DD-6D5D-4B32-A7A9-598FEE047FE7}"
EndProject
Project("{9A19103F-16F7-4668-BE54-9A1E7A4F7556}") = "UserService.Application", "Services\UserServices\UserService.Application\UserService.Application.csproj", "{6763693C-A5EE-4B21-AD22-131C18567B80}"
EndProject
Project("{9A19103F-16F7-4668-BE54-9A1E7A4F7556}") = "UserService.Domain", "Services\UserServices\UserService.Domain\UserService.Domain.csproj", "{26E8E6A6-DD73-45DE-8D99-E42FA35BC536}"
EndProject
Project("{9A19103F-16F7-4668-BE54-9A1E7A4F7556}") = "UserService.Infrastructure", "Services\UserServices\UserService.Infrastructure\UserService.Infrastructure.csproj", "{58F4899F-1C2E-4578-9314-500814A99F06}"
EndProject
Project("{2150E333-8FDC-42A3-9474-1A3956D46DE8}") = "Services", "Services", "{46B68C91-EFF8-45A6-B23D-4CBA4FD8EB47}"
EndProject
Project("{2150E333-8FDC-42A3-9474-1A3956D46DE8}") = "ApiGateway", "ApiGateway", "{68610C55-D825-40B3-8318-2656308CD6A1}"
EndProject
Project("{2150E333-8FDC-42A3-9474-1A3956D46DE8}") = "Solution Items", "Solution Items", "{4D56FAAB-A587-4423-B38D-D592F1338394}"
	ProjectSection(SolutionItems) = preProject
		.gitignore = .gitignore
	EndProjectSection
EndProject
Project("{2150E333-8FDC-42A3-9474-1A3956D46DE8}") = "CategoryService", "CategoryService", "{2404649D-5CEB-4558-85F0-5962AC9381EC}"
EndProject
Project("{9A19103F-16F7-4668-BE54-9A1E7A4F7556}") = "Category.API", "Services\CategoryService\Category.API\Category.API.csproj", "{903A9B6B-8E24-402E-9F0D-F66203909085}"
EndProject
Project("{9A19103F-16F7-4668-BE54-9A1E7A4F7556}") = "Category.Application", "Services\CategoryService\Category.Application\Category.Application.csproj", "{DDE45FE1-90F8-49F1-BF41-5869F87075DD}"
EndProject
Project("{9A19103F-16F7-4668-BE54-9A1E7A4F7556}") = "Category.Domain", "Services\CategoryService\Category.Domain\Category.Domain.csproj", "{84B5E851-E091-4A20-B32A-EEB0BAA72BF6}"
EndProject
Project("{9A19103F-16F7-4668-BE54-9A1E7A4F7556}") = "Category.Infrastructure", "Services\CategoryService\Category.Infrastructure\Category.Infrastructure.csproj", "{596E0C07-BE91-4F69-8E2C-271C8EF28D9C}"
EndProject
Project("{2150E333-8FDC-42A3-9474-1A3956D46DE8}") = "UserService", "UserService", "{7DFA7CF1-17C9-444E-BE90-5D0E85E23C03}"
EndProject
Project("{2150E333-8FDC-42A3-9474-1A3956D46DE8}") = "ProductService", "ProductService", "{CD27546E-6E55-476A-8EF2-64A9C71194CF}"
EndProject
Project("{FAE04EC0-301F-11D3-BF4B-00C04F79EFBC}") = "Product.API", "Services\ProductService\Product.API\Product.API.csproj", "{175E207B-AC9F-4C64-9946-B98918064F71}"
EndProject
Project("{FAE04EC0-301F-11D3-BF4B-00C04F79EFBC}") = "Product.Application", "Services\ProductService\Product.Application\Product.Application.csproj", "{6685A31B-D876-444A-8D7C-32DE9F81EE99}"
EndProject
Project("{FAE04EC0-301F-11D3-BF4B-00C04F79EFBC}") = "Product.Domain", "Services\ProductService\Product.Domain\Product.Domain.csproj", "{007555F4-AB8C-44D2-824C-B506D214C046}"
EndProject
Project("{FAE04EC0-301F-11D3-BF4B-00C04F79EFBC}") = "Product.Infrastructure", "Services\ProductService\Product.Infrastructure\Product.Infrastructure.csproj", "{53D808DC-5B75-4E69-B978-133B9F108188}"
EndProject
Global
	GlobalSection(SolutionConfigurationPlatforms) = preSolution
		Debug|Any CPU = Debug|Any CPU
		Release|Any CPU = Release|Any CPU
	EndGlobalSection
	GlobalSection(ProjectConfigurationPlatforms) = postSolution
		{E57DAAD9-DB58-4142-A10B-9E9EE0BF2911}.Debug|Any CPU.ActiveCfg = Debug|Any CPU
		{E57DAAD9-DB58-4142-A10B-9E9EE0BF2911}.Debug|Any CPU.Build.0 = Debug|Any CPU
		{E57DAAD9-DB58-4142-A10B-9E9EE0BF2911}.Release|Any CPU.ActiveCfg = Release|Any CPU
		{E57DAAD9-DB58-4142-A10B-9E9EE0BF2911}.Release|Any CPU.Build.0 = Release|Any CPU
		{503B32DD-6D5D-4B32-A7A9-598FEE047FE7}.Debug|Any CPU.ActiveCfg = Debug|Any CPU
		{503B32DD-6D5D-4B32-A7A9-598FEE047FE7}.Debug|Any CPU.Build.0 = Debug|Any CPU
		{503B32DD-6D5D-4B32-A7A9-598FEE047FE7}.Release|Any CPU.ActiveCfg = Release|Any CPU
		{503B32DD-6D5D-4B32-A7A9-598FEE047FE7}.Release|Any CPU.Build.0 = Release|Any CPU
		{6763693C-A5EE-4B21-AD22-131C18567B80}.Debug|Any CPU.ActiveCfg = Debug|Any CPU
		{6763693C-A5EE-4B21-AD22-131C18567B80}.Debug|Any CPU.Build.0 = Debug|Any CPU
		{6763693C-A5EE-4B21-AD22-131C18567B80}.Release|Any CPU.ActiveCfg = Release|Any CPU
		{6763693C-A5EE-4B21-AD22-131C18567B80}.Release|Any CPU.Build.0 = Release|Any CPU
		{26E8E6A6-DD73-45DE-8D99-E42FA35BC536}.Debug|Any CPU.ActiveCfg = Debug|Any CPU
		{26E8E6A6-DD73-45DE-8D99-E42FA35BC536}.Debug|Any CPU.Build.0 = Debug|Any CPU
		{26E8E6A6-DD73-45DE-8D99-E42FA35BC536}.Release|Any CPU.ActiveCfg = Release|Any CPU
		{26E8E6A6-DD73-45DE-8D99-E42FA35BC536}.Release|Any CPU.Build.0 = Release|Any CPU
		{58F4899F-1C2E-4578-9314-500814A99F06}.Debug|Any CPU.ActiveCfg = Debug|Any CPU
		{58F4899F-1C2E-4578-9314-500814A99F06}.Debug|Any CPU.Build.0 = Debug|Any CPU
		{58F4899F-1C2E-4578-9314-500814A99F06}.Release|Any CPU.ActiveCfg = Release|Any CPU
		{58F4899F-1C2E-4578-9314-500814A99F06}.Release|Any CPU.Build.0 = Release|Any CPU
		{903A9B6B-8E24-402E-9F0D-F66203909085}.Debug|Any CPU.ActiveCfg = Debug|Any CPU
		{903A9B6B-8E24-402E-9F0D-F66203909085}.Debug|Any CPU.Build.0 = Debug|Any CPU
		{903A9B6B-8E24-402E-9F0D-F66203909085}.Release|Any CPU.ActiveCfg = Release|Any CPU
		{903A9B6B-8E24-402E-9F0D-F66203909085}.Release|Any CPU.Build.0 = Release|Any CPU
		{DDE45FE1-90F8-49F1-BF41-5869F87075DD}.Debug|Any CPU.ActiveCfg = Debug|Any CPU
		{DDE45FE1-90F8-49F1-BF41-5869F87075DD}.Debug|Any CPU.Build.0 = Debug|Any CPU
		{DDE45FE1-90F8-49F1-BF41-5869F87075DD}.Release|Any CPU.ActiveCfg = Release|Any CPU
		{DDE45FE1-90F8-49F1-BF41-5869F87075DD}.Release|Any CPU.Build.0 = Release|Any CPU
		{84B5E851-E091-4A20-B32A-EEB0BAA72BF6}.Debug|Any CPU.ActiveCfg = Debug|Any CPU
		{84B5E851-E091-4A20-B32A-EEB0BAA72BF6}.Debug|Any CPU.Build.0 = Debug|Any CPU
		{84B5E851-E091-4A20-B32A-EEB0BAA72BF6}.Release|Any CPU.ActiveCfg = Release|Any CPU
		{84B5E851-E091-4A20-B32A-EEB0BAA72BF6}.Release|Any CPU.Build.0 = Release|Any CPU
		{596E0C07-BE91-4F69-8E2C-271C8EF28D9C}.Debug|Any CPU.ActiveCfg = Debug|Any CPU
		{596E0C07-BE91-4F69-8E2C-271C8EF28D9C}.Debug|Any CPU.Build.0 = Debug|Any CPU
		{596E0C07-BE91-4F69-8E2C-271C8EF28D9C}.Release|Any CPU.ActiveCfg = Release|Any CPU
		{596E0C07-BE91-4F69-8E2C-271C8EF28D9C}.Release|Any CPU.Build.0 = Release|Any CPU
		{175E207B-AC9F-4C64-9946-B98918064F71}.Debug|Any CPU.ActiveCfg = Debug|Any CPU
		{175E207B-AC9F-4C64-9946-B98918064F71}.Debug|Any CPU.Build.0 = Debug|Any CPU
		{175E207B-AC9F-4C64-9946-B98918064F71}.Release|Any CPU.ActiveCfg = Release|Any CPU
		{175E207B-AC9F-4C64-9946-B98918064F71}.Release|Any CPU.Build.0 = Release|Any CPU
		{6685A31B-D876-444A-8D7C-32DE9F81EE99}.Debug|Any CPU.ActiveCfg = Debug|Any CPU
		{6685A31B-D876-444A-8D7C-32DE9F81EE99}.Debug|Any CPU.Build.0 = Debug|Any CPU
		{6685A31B-D876-444A-8D7C-32DE9F81EE99}.Release|Any CPU.ActiveCfg = Release|Any CPU
		{6685A31B-D876-444A-8D7C-32DE9F81EE99}.Release|Any CPU.Build.0 = Release|Any CPU
		{007555F4-AB8C-44D2-824C-B506D214C046}.Debug|Any CPU.ActiveCfg = Debug|Any CPU
		{007555F4-AB8C-44D2-824C-B506D214C046}.Debug|Any CPU.Build.0 = Debug|Any CPU
		{007555F4-AB8C-44D2-824C-B506D214C046}.Release|Any CPU.ActiveCfg = Release|Any CPU
		{007555F4-AB8C-44D2-824C-B506D214C046}.Release|Any CPU.Build.0 = Release|Any CPU
		{53D808DC-5B75-4E69-B978-133B9F108188}.Debug|Any CPU.ActiveCfg = Debug|Any CPU
		{53D808DC-5B75-4E69-B978-133B9F108188}.Debug|Any CPU.Build.0 = Debug|Any CPU
		{53D808DC-5B75-4E69-B978-133B9F108188}.Release|Any CPU.ActiveCfg = Release|Any CPU
		{53D808DC-5B75-4E69-B978-133B9F108188}.Release|Any CPU.Build.0 = Release|Any CPU
	EndGlobalSection
	GlobalSection(SolutionProperties) = preSolution
		HideSolutionNode = FALSE
	EndGlobalSection
	GlobalSection(NestedProjects) = preSolution
		{E57DAAD9-DB58-4142-A10B-9E9EE0BF2911} = {68610C55-D825-40B3-8318-2656308CD6A1}
		{503B32DD-6D5D-4B32-A7A9-598FEE047FE7} = {46B68C91-EFF8-45A6-B23D-4CBA4FD8EB47}
		{6763693C-A5EE-4B21-AD22-131C18567B80} = {46B68C91-EFF8-45A6-B23D-4CBA4FD8EB47}
		{26E8E6A6-DD73-45DE-8D99-E42FA35BC536} = {46B68C91-EFF8-45A6-B23D-4CBA4FD8EB47}
		{58F4899F-1C2E-4578-9314-500814A99F06} = {46B68C91-EFF8-45A6-B23D-4CBA4FD8EB47}
		{2404649D-5CEB-4558-85F0-5962AC9381EC} = {46B68C91-EFF8-45A6-B23D-4CBA4FD8EB47}
		{903A9B6B-8E24-402E-9F0D-F66203909085} = {2404649D-5CEB-4558-85F0-5962AC9381EC}
		{DDE45FE1-90F8-49F1-BF41-5869F87075DD} = {2404649D-5CEB-4558-85F0-5962AC9381EC}
		{84B5E851-E091-4A20-B32A-EEB0BAA72BF6} = {2404649D-5CEB-4558-85F0-5962AC9381EC}
		{596E0C07-BE91-4F69-8E2C-271C8EF28D9C} = {2404649D-5CEB-4558-85F0-5962AC9381EC}
		{7DFA7CF1-17C9-444E-BE90-5D0E85E23C03} = {46B68C91-EFF8-45A6-B23D-4CBA4FD8EB47}
		{CD27546E-6E55-476A-8EF2-64A9C71194CF} = {46B68C91-EFF8-45A6-B23D-4CBA4FD8EB47}
		{175E207B-AC9F-4C64-9946-B98918064F71} = {CD27546E-6E55-476A-8EF2-64A9C71194CF}
		{6685A31B-D876-444A-8D7C-32DE9F81EE99} = {CD27546E-6E55-476A-8EF2-64A9C71194CF}
		{007555F4-AB8C-44D2-824C-B506D214C046} = {CD27546E-6E55-476A-8EF2-64A9C71194CF}
		{53D808DC-5B75-4E69-B978-133B9F108188} = {CD27546E-6E55-476A-8EF2-64A9C71194CF}
	EndGlobalSection
	GlobalSection(ExtensibilityGlobals) = postSolution
		SolutionGuid = {135F119A-7C56-4BFC-AB4D-2FBFC0E0CE0F}
	EndGlobalSection
EndGlobal
